<Solution>
  <Folder Name="/Solution Items/" />
  <Project Path="MCP.Client/MCP.Client.csproj" Id="5367fba1-9621-47c6-8ec4-b8339537a8dc" />
  <Project Path="MCP.Docker/MCP.Docker.csproj" Id="cbcaf480-ad13-417f-abe1-d3d6c7aca9e3" />
  <Project Path="MCP.Http/MCP.Http.csproj" Id="7128a73e-46ca-430b-a39b-9eed9a52374d" />
  <Project Path="MCP.Stdio/MCP.Stdio.csproj" Id="1f0855f4-4dad-410d-8a05-4a8ac09e2232" />
  <Project Path="ReGo.Main/ReGo.Main.csproj" Id="01c80bd0-e236-4971-8461-8becea9f2358" />
</Solution>
